
Microsoft Visual Studio Solution File, Format Version 12.00
# Visual Studio 15
VisualStudioVersion = 15.0.28307.902
MinimumVisualStudioVersion = 10.0.40219.1
Project("{FAE04EC0-301F-11D3-BF4B-00C04F79EFBC}") = "OCRApi", "OCRApi\OCRApi.csproj", "{D32218EF-B43B-446B-89C1-234C268DAA37}"
EndProject
Global
	GlobalSection(SolutionConfigurationPlatforms) = preSolution
		Debug|Any CPU = Debug|Any CPU
		Release|Any CPU = Release|Any CPU
	EndGlobalSection
	GlobalSection(ProjectConfigurationPlatforms) = postSolution
		{D32218EF-B43B-446B-89C1-234C268DAA37}.Debug|Any CPU.ActiveCfg = Debug|Any CPU
		{D32218EF-B43B-446B-89C1-234C268DAA37}.Debug|Any CPU.Build.0 = Debug|Any CPU
		{D32218EF-B43B-446B-89C1-234C268DAA37}.Release|Any CPU.ActiveCfg = Release|Any CPU
		{D32218EF-B43B-446B-89C1-234C268DAA37}.Release|Any CPU.Build.0 = Release|Any CPU
	EndGlobalSection
	GlobalSection(SolutionProperties) = preSolution
		HideSolutionNode = FALSE
	EndGlobalSection
	GlobalSection(ExtensibilityGlobals) = postSolution
		SolutionGuid = {E646F6EB-6148-43B2-94EB-593945D6C1B1}
	EndGlobalSection
EndGlobal
